PODS:
  - TinyConstraints (3.3.1)

DEPENDENCIES:
  - TinyConstraints

SPEC REPOS:
  https://github.com/cocoapods/specs.git:
    - TinyConstraints

SPEC CHECKSUMS:
  TinyConstraints: dbf7519aefc01ea59d62244300c7718aec68e280

PODFILE CHECKSUM: 88d73bc3268aa08a9a7ada6f0aef14727a9c484f

COCOAPODS: 1.6.0
